# This file is automatically @generated by Cargo.
# It is not intended for manual editing.
version = 4

[[package]]
name = "ranim"
version = "0.1.0"
dependencies = [
 "ranim-core",
 "ranim-diff",
]

[[package]]
name = "ranim-bevy"
version = "0.1.0"
dependencies = [
 "ranim-core",
]

[[package]]
name = "ranim-cli"
version = "0.1.0"
dependencies = [
 "ranim-diff",
]

[[package]]
name = "ranim-core"
version = "0.1.0"
dependencies = [
 "ranim-diff",
]

[[package]]
name = "ranim-diff"
version = "0.1.0"

[[package]]
name = "ranim-text"
version = "0.1.0"
dependencies = [
 "ranim-core",
]
